// !$*UTF8*$!
{
	archiveVersion = 1;
	classes = {
	};
	objectVersion = 50;
	objects = {

/* Begin PBXBuildFile section */
		9F683F4C21970449007C214A /* trash2.gif in Resources */ = {isa = PBXBuildFile; fileRef = 9F683F4B21970449007C214A /* trash2.gif */; };
		9F8BE498218C10F200339373 /* AppDelegate.swift in Sources */ = {isa = PBXBuildFile; fileRef = 9F8BE497218C10F200339373 /* AppDelegate.swift */; };
		9F8BE49A218C10F200339373 /* ViewController.swift in Sources */ = {isa = PBXBuildFile; fileRef = 9F8BE499218C10F200339373 /* ViewController.swift */; };
		9F8BE49F218C10F400339373 /* Assets.xcassets in Resources */ = {isa = PBXBuildFile; fileRef = 9F8BE49E218C10F400339373 /* Assets.xcassets */; };
		9F8BE4A2218C10F400339373 /* LaunchScreen.storyboard in Resources */ = {isa = PBXBuildFile; fileRef = 9F8BE4A0218C10F400339373 /* LaunchScreen.storyboard */; };
		9F8BE4A9218C121C00339373 /* Main.storyboard in Resources */ = {isa = PBXBuildFile; fileRef = 9F8BE49B218C10F200339373 /* Main.storyboard */; };
		9F8BE4AD21916E0B00339373 /* data.json in Resources */ = {isa = PBXBuildFile; fileRef = 9F8BE4AC21916E0B00339373 /* data.json */; };
		9FBF098421969C8F00969473 /* Common.swift in Sources */ = {isa = PBXBuildFile; fileRef = 9FBF098321969C8F00969473 /* Common.swift */; };
		9FBF098621969CB200969473 /* CustomCell.swift in Sources */ = {isa = PBXBuildFile; fileRef = 9FBF098521969CB200969473 /* CustomCell.swift */; };
		9FBF09A12196F61400969473 /* trash.jpg in Resources */ = {isa = PBXBuildFile; fileRef = 9FBF09A02196F61400969473 /* trash.jpg */; };
/* End PBXBuildFile section */

/* Begin PBXBuildRule section */
		9F8BE4AE2191821800339373 /* PBXBuildRule */ = {
			isa = PBXBuildRule;
			compilerSpec = com.apple.compilers.proxy.script;
			fileType = image.png;
			isEditable = 1;
			outputFiles = (
			);
			script = "# copypng\n";
		};
/* End PBXBuildRule section */

/* Begin PBXFileReference section */
		9F683F4B21970449007C214A /* trash2.gif */ = {isa = PBXFileReference; lastKnownFileType = image.gif; path = trash2.gif; sourceTree = "<group>"; };
		9F8BE494218C10F200339373 /* MyFirstSwift.app */ = {isa = PBXFileReference; explicitFileType = wrapper.application; includeInIndex = 0; path = MyFirstSwift.app; sourceTree = BUILT_PRODUCTS_DIR; };
		9F8BE497218C10F200339373 /* AppDelegate.swift */ = {isa = PBXFileReference; lastKnownFileType = sourcecode.swift; path = AppDelegate.swift; sourceTree = "<group>"; };
		9F8BE499218C10F200339373 /* ViewController.swift */ = {isa = PBXFileReference; lastKnownFileType = sourcecode.swift; path = ViewController.swift; sourceTree = "<group>"; };
		9F8BE49C218C10F200339373 /* Base */ = {isa = PBXFileReference; lastKnownFileType = file.storyboard; name = Base; path = Base.lproj/Main.storyboard; sourceTree = "<group>"; };
		9F8BE49E218C10F400339373 /* Assets.xcassets */ = {isa = PBXFileReference; lastKnownFileType = folder.assetcatalog; path = Assets.xcassets; sourceTree = "<group>"; };
		9F8BE4A1218C10F400339373 /* Base */ = {isa = PBXFileReference; lastKnownFileType = file.storyboard; name = Base; path = Base.lproj/LaunchScreen.storyboard; sourceTree = "<group>"; };
		9F8BE4A3218C10F400339373 /* Info.plist */ = {isa = PBXFileReference; lastKnownFileType = text.plist.xml; path = Info.plist; sourceTree = "<group>"; };
		9F8BE4AC21916E0B00339373 /* data.json */ = {isa = PBXFileReference; fileEncoding = 4; lastKnownFileType = text.json; path = data.json; sourceTree = "<group>"; };
		9FBF098321969C8F00969473 /* Common.swift */ = {isa = PBXFileReference; fileEncoding = 4; lastKnownFileType = sourcecode.swift; path = Common.swift; sourceTree = "<group>"; };
		9FBF098521969CB200969473 /* CustomCell.swift */ = {isa = PBXFileReference; fileEncoding = 4; lastKnownFileType = sourcecode.swift; path = CustomCell.swift; sourceTree = "<group>"; };
		9FBF09A02196F61400969473 /* trash.jpg */ = {isa = PBXFileReference; lastKnownFileType = image.jpeg; path = trash.jpg; sourceTree = "<group>"; };
/* End PBXFileReference section */

/* Begin PBXFrameworksBuildPhase section */
		9F8BE491218C10F200339373 /* Frameworks */ = {
			isa = PBXFrameworksBuildPhase;
			buildActionMask = 2147483647;
			files = (
			);
			runOnlyForDeploymentPostprocessing = 0;
		};
/* End PBXFrameworksBuildPhase section */

/* Begin PBXGroup section */
		9F8BE48B218C10F200339373 = {
			isa = PBXGroup;
			children = (
				9F8BE496218C10F200339373 /* MyFirstSwift */,
				9F8BE495218C10F200339373 /* Products */,
			);
			sourceTree = "<group>";
		};
		9F8BE495218C10F200339373 /* Products */ = {
			isa = PBXGroup;
			children = (
				9F8BE494218C10F200339373 /* MyFirstSwift.app */,
			);
			name = Products;
			sourceTree = "<group>";
		};
		9F8BE496218C10F200339373 /* MyFirstSwift */ = {
			isa = PBXGroup;
			children = (
				9F683F4B21970449007C214A /* trash2.gif */,
				9FBF09A02196F61400969473 /* trash.jpg */,
				9F8BE497218C10F200339373 /* AppDelegate.swift */,
				9F8BE499218C10F200339373 /* ViewController.swift */,
				9F8BE49B218C10F200339373 /* Main.storyboard */,
				9F8BE49E218C10F400339373 /* Assets.xcassets */,
				9F8BE4A0218C10F400339373 /* LaunchScreen.storyboard */,
				9F8BE4A3218C10F400339373 /* Info.plist */,
				9F8BE4AC21916E0B00339373 /* data.json */,
				9FBF098321969C8F00969473 /* Common.swift */,
				9FBF098521969CB200969473 /* CustomCell.swift */,
			);
			path = MyFirstSwift;
			sourceTree = "<group>";
		};
/* End PBXGroup section */

/* Begin PBXNativeTarget section */
		9F8BE493218C10F200339373 /* MyFirstSwift */ = {
			isa = PBXNativeTarget;
			buildConfigurationList = 9F8BE4A6218C10F400339373 /* Build configuration list for PBXNativeTarget "MyFirstSwift" */;
			buildPhases = (
				9F8BE490218C10F200339373 /* Sources */,
				9F8BE491218C10F200339373 /* Frameworks */,
				9F8BE492218C10F200339373 /* Resources */,
			);
			buildRules = (
				9F8BE4AE2191821800339373 /* PBXBuildRule */,
			);
			dependencies = (
			);
			name = MyFirstSwift;
			productName = MyFirstSwift;
			productReference = 9F8BE494218C10F200339373 /* MyFirstSwift.app */;
			productType = "com.apple.product-type.application";
		};
/* End PBXNativeTarget section */

/* Begin PBXProject section */
		9F8BE48C218C10F200339373 /* Project object */ = {
			isa = PBXProject;
			attributes = {
				LastSwiftUpdateCheck = 1010;
				LastUpgradeCheck = 1010;
				ORGANIZATIONNAME = "이연석";
				TargetAttributes = {
					9F8BE493218C10F200339373 = {
						CreatedOnToolsVersion = 10.1;
					};
				};
			};
			buildConfigurationList = 9F8BE48F218C10F200339373 /* Build configuration list for PBXProject "MyFirstSwift" */;
			compatibilityVersion = "Xcode 9.3";
			developmentRegion = en;
			hasScannedForEncodings = 0;
			knownRegions = (
				en,
				Base,
			);
			mainGroup = 9F8BE48B218C10F200339373;
			productRefGroup = 9F8BE495218C10F200339373 /* Products */;
			projectDirPath = "";
			projectRoot = "";
			targets = (
				9F8BE493218C10F200339373 /* MyFirstSwift */,
			);
		};
/* End PBXProject section */

/* Begin PBXResourcesBuildPhase section */
		9F8BE492218C10F200339373 /* Resources */ = {
			isa = PBXResourcesBuildPhase;
			buildActionMask = 2147483647;
			files = (
				9FBF09A12196F61400969473 /* trash.jpg in Resources */,
				9F683F4C21970449007C214A /* trash2.gif in Resources */,
				9F8BE4A9218C121C00339373 /* Main.storyboard in Resources */,
				9F8BE4A2218C10F400339373 /* LaunchScreen.storyboard in Resources */,
				9F8BE49F218C10F400339373 /* Assets.xcassets in Resources */,
				9F8BE4AD21916E0B00339373 /* data.json in Resources */,
			);
			runOnlyForDeploymentPostprocessing = 0;
		};
/* End PBXResourcesBuildPhase section */

/* Begin PBXSourcesBuildPhase section */
		9F8BE490218C10F200339373 /* Sources */ = {
			isa = PBXSourcesBuildPhase;
			buildActionMask = 2147483647;
			files = (
				9F8BE49A218C10F200339373 /* ViewController.swift in Sources */,
				9FBF098421969C8F00969473 /* Common.swift in Sources */,
				9FBF098621969CB200969473 /* CustomCell.swift in Sources */,
				9F8BE498218C10F200339373 /* AppDelegate.swift in Sources */,
			);
			runOnlyForDeploymentPostprocessing = 0;
		};
/* End PBXSourcesBuildPhase section */

/* Begin PBXVariantGroup section */
		9F8BE49B218C10F200339373 /* Main.storyboard */ = {
			isa = PBXVariantGroup;
			children = (
				9F8BE49C218C10F200339373 /* Base */,
			);
			name = Main.storyboard;
			sourceTree = "<group>";
		};
		9F8BE4A0218C10F400339373 /* LaunchScreen.storyboard */ = {
			isa = PBXVariantGroup;
			children = (
				9F8BE4A1218C10F400339373 /* Base */,
			);
			name = LaunchScreen.storyboard;
			sourceTree = "<group>";
		};
/* End PBXVariantGroup section */

/* Begin XCBuildConfiguration section */
		9F8BE4A4218C10F400339373 /* Debug */ = {
			isa = XCBuildConfiguration;
			buildSettings = {
				ALWAYS_SEARCH_USER_PATHS = NO;
				CLANG_ANALYZER_NONNULL = YES;
				CLANG_ANALYZER_NUMBER_OBJECT_CONVERSION = YES_AGGRESSIVE;
				CLANG_CXX_LANGUAGE_STANDARD = "gnu++14";
				CLANG_CXX_LIBRARY = "libc++";
				CLANG_ENABLE_MODULES = YES;
				CLANG_ENABLE_OBJC_ARC = YES;
				CLANG_ENABLE_OBJC_WEAK = YES;
				CLANG_WARN_BLOCK_CAPTURE_AUTORELEASING = YES;
				CLANG_WARN_BOOL_CONVERSION = YES;
				CLANG_WARN_COMMA = YES;
				CLANG_WARN_CONSTANT_CONVERSION = YES;
				CLANG_WARN_DEPRECATED_OBJC_IMPLEMENTATIONS = YES;
				CLANG_WARN_DIRECT_OBJC_ISA_USAGE = YES_ERROR;
				CLANG_WARN_DOCUMENTATION_COMMENTS = YES;
				CLANG_WARN_EMPTY_BODY = YES;
				CLANG_WARN_ENUM_CONVERSION = YES;
				CLANG_WARN_INFINITE_RECURSION = YES;
				CLANG_WARN_INT_CONVERSION = YES;
				CLANG_WARN_NON_LITERAL_NULL_CONVERSION = YES;
				CLANG_WARN_OBJC_IMPLICIT_RETAIN_SELF = YES;
				CLANG_WARN_OBJC_LITERAL_CONVERSION = YES;
				CLANG_WARN_OBJC_ROOT_CLASS = YES_ERROR;
				CLANG_WARN_RANGE_LOOP_ANALYSIS = YES;
				CLANG_WARN_STRICT_PROTOTYPES = YES;
				CLANG_WARN_SUSPICIOUS_MOVE = YES;
				CLANG_WARN_UNGUARDED_AVAILABILITY = YES_AGGRESSIVE;
				CLANG_WARN_UNREACHABLE_CODE = YES;
				CLANG_WARN__DUPLICATE_METHOD_MATCH = YES;
				CODE_SIGN_IDENTITY = "iPhone Developer";
				COPY_PHASE_STRIP = NO;
				DEBUG_INFORMATION_FORMAT = dwarf;
				ENABLE_STRICT_OBJC_MSGSEND = YES;
				ENABLE_TESTABILITY = YES;
				GCC_C_LANGUAGE_STANDARD = gnu11;
				GCC_DYNAMIC_NO_PIC = NO;
				GCC_NO_COMMON_BLOCKS = YES;
				GCC_OPTIMIZATION_LEVEL = 0;
				GCC_PREPROCESSOR_DEFINITIONS = (
					"DEBUG=1",
					"$(inherited)",
				);
				GCC_WARN_64_TO_32_BIT_CONVERSION = YES;
				GCC_WARN_ABOUT_RETURN_TYPE = YES_ERROR;
				GCC_WARN_UNDECLARED_SELECTOR = YES;
				GCC_WARN_UNINITIALIZED_AUTOS = YES_AGGRESSIVE;
				GCC_WARN_UNUSED_FUNCTION = YES;
				GCC_WARN_UNUSED_VARIABLE = YES;
				IPHONEOS_DEPLOYMENT_TARGET = 12.1;
				MTL_ENABLE_DEBUG_INFO = INCLUDE_SOURCE;
				MTL_FAST_MATH = YES;
				ONLY_ACTIVE_ARCH = YES;
				SDKROOT = iphoneos;
				SWIFT_ACTIVE_COMPILATION_CONDITIONS = DEBUG;
				SWIFT_OPTIMIZATION_LEVEL = "-Onone";
			};
			name = Debug;
		};
		9F8BE4A5218C10F400339373 /* Release */ = {
			isa = XCBuildConfiguration;
			buildSettings = {
				ALWAYS_SEARCH_USER_PATHS = NO;
				CLANG_ANALYZER_NONNULL = YES;
				CLANG_ANALYZER_NUMBER_OBJECT_CONVERSION = YES_AGGRESSIVE;
				CLANG_CXX_LANGUAGE_STANDARD = "gnu++14";
				CLANG_CXX_LIBRARY = "libc++";
				CLANG_ENABLE_MODULES = YES;
				CLANG_ENABLE_OBJC_ARC = YES;
				CLANG_ENABLE_OBJC_WEAK = YES;
				CLANG_WARN_BLOCK_CAPTURE_AUTORELEASING = YES;
				CLANG_WARN_BOOL_CONVERSION = YES;
				CLANG_WARN_COMMA = YES;
				CLANG_WARN_CONSTANT_CONVERSION = YES;
				CLANG_WARN_DEPRECATED_OBJC_IMPLEMENTATIONS = YES;
				CLANG_WARN_DIRECT_OBJC_ISA_USAGE = YES_ERROR;
				CLANG_WARN_DOCUMENTATION_COMMENTS = YES;
				CLANG_WARN_EMPTY_BODY = YES;
				CLANG_WARN_ENUM_CONVERSION = YES;
				CLANG_WARN_INFINITE_RECURSION = YES;
				CLANG_WARN_INT_CONVERSION = YES;
				CLANG_WARN_NON_LITERAL_NULL_CONVERSION = YES;
				CLANG_WARN_OBJC_IMPLICIT_RETAIN_SELF = YES;
				CLANG_WARN_OBJC_LITERAL_CONVERSION = YES;
				CLANG_WARN_OBJC_ROOT_CLASS = YES_ERROR;
				CLANG_WARN_RANGE_LOOP_ANALYSIS = YES;
				CLANG_WARN_STRICT_PROTOTYPES = YES;
				CLANG_WARN_SUSPICIOUS_MOVE = YES;
				CLANG_WARN_UNGUARDED_AVAILABILITY = YES_AGGRESSIVE;
				CLANG_WARN_UNREACHABLE_CODE = YES;
				CLANG_WARN__DUPLICATE_METHOD_MATCH = YES;
				CODE_SIGN_IDENTITY = "iPhone Developer";
				COPY_PHASE_STRIP = NO;
				DEBUG_INFORMATION_FORMAT = "dwarf-with-dsym";
				ENABLE_NS_ASSERTIONS = NO;
				ENABLE_STRICT_OBJC_MSGSEND = YES;
				GCC_C_LANGUAGE_STANDARD = gnu11;
				GCC_NO_COMMON_BLOCKS = YES;
				GCC_WARN_64_TO_32_BIT_CONVERSION = YES;
				GCC_WARN_ABOUT_RETURN_TYPE = YES_ERROR;
				GCC_WARN_UNDECLARED_SELECTOR = YES;
				GCC_WARN_UNINITIALIZED_AUTOS = YES_AGGRESSIVE;
				GCC_WARN_UNUSED_FUNCTION = YES;
				GCC_WARN_UNUSED_VARIABLE = YES;
				IPHONEOS_DEPLOYMENT_TARGET = 12.1;
				MTL_ENABLE_DEBUG_INFO = NO;
				MTL_FAST_MATH = YES;
				SDKROOT = iphoneos;
				SWIFT_COMPILATION_MODE = wholemodule;
				SWIFT_OPTIMIZATION_LEVEL = "-O";
				VALIDATE_PRODUCT = YES;
			};
			name = Release;
		};
		9F8BE4A7218C10F400339373 /* Debug */ = {
			isa = XCBuildConfiguration;
			buildSettings = {
				ASSETCATALOG_COMPILER_APPICON_NAME = AppIcon;
				CODE_SIGN_STYLE = Automatic;
				DEVELOPMENT_TEAM = 5R766BQ73F;
				INFOPLIST_FILE = MyFirstSwift/Info.plist;
				IPHONEOS_DEPLOYMENT_TARGET = 12.0;
				LD_RUNPATH_SEARCH_PATHS = (
					"$(inherited)",
					"@executable_path/Frameworks",
				);
				PRODUCT_BUNDLE_IDENTIFIER = xena.MyFirstSwift;
				PRODUCT_NAME = "$(TARGET_NAME)";
				SWIFT_VERSION = 4.2;
				TARGETED_DEVICE_FAMILY = "1,2";
			};
			name = Debug;
		};
		9F8BE4A8218C10F400339373 /* Release */ = {
			isa = XCBuildConfiguration;
			buildSettings = {
				ASSETCATALOG_COMPILER_APPICON_NAME = AppIcon;
				CODE_SIGN_STYLE = Automatic;
				DEVELOPMENT_TEAM = 5R766BQ73F;
				INFOPLIST_FILE = MyFirstSwift/Info.plist;
				IPHONEOS_DEPLOYMENT_TARGET = 12.0;
				LD_RUNPATH_SEARCH_PATHS = (
					"$(inherited)",
					"@executable_path/Frameworks",
				);
				PRODUCT_BUNDLE_IDENTIFIER = xena.MyFirstSwift;
				PRODUCT_NAME = "$(TARGET_NAME)";
				SWIFT_VERSION = 4.2;
				TARGETED_DEVICE_FAMILY = "1,2";
			};
			name = Release;
		};
/* End XCBuildConfiguration section */

/* Begin XCConfigurationList section */
		9F8BE48F218C10F200339373 /* Build configuration list for PBXProject "MyFirstSwift" */ = {
			isa = XCConfigurationList;
			buildConfigurations = (
				9F8BE4A4218C10F400339373 /* Debug */,
				9F8BE4A5218C10F400339373 /* Release */,
			);
			defaultConfigurationIsVisible = 0;
			defaultConfigurationName = Release;
		};
		9F8BE4A6218C10F400339373 /* Build configuration list for PBXNativeTarget "MyFirstSwift" */ = {
			isa = XCConfigurationList;
			buildConfigurations = (
				9F8BE4A7218C10F400339373 /* Debug */,
				9F8BE4A8218C10F400339373 /* Release */,
			);
			defaultConfigurationIsVisible = 0;
			defaultConfigurationName = Release;
		};
/* End XCConfigurationList section */
	};
	rootObject = 9F8BE48C218C10F200339373 /* Project object */;
}
